
Microsoft Visual Studio Solution File, Format Version 12.00
# Visual Studio 14
VisualStudioVersion = 14.0.25123.0
MinimumVisualStudioVersion = 10.0.40219.1
Project("{FAE04EC0-301F-11D3-BF4B-00C04F79EFBC}") = "mobile messages", "mobile messages\mobile messages.csproj", "{EFCF2207-37EC-4B53-BDA6-94857821617C}"
EndProject
Global
	GlobalSection(SolutionConfigurationPlatforms) = preSolution
		Debug|Any CPU = Debug|Any CPU
		Release|Any CPU = Release|Any CPU
	EndGlobalSection
	GlobalSection(ProjectConfigurationPlatforms) = postSolution
		{EFCF2207-37EC-4B53-BDA6-94857821617C}.Debug|Any CPU.ActiveCfg = Debug|Any CPU
		{EFCF2207-37EC-4B53-BDA6-94857821617C}.Debug|Any CPU.Build.0 = Debug|Any CPU
		{EFCF2207-37EC-4B53-BDA6-94857821617C}.Release|Any CPU.ActiveCfg = Release|Any CPU
		{EFCF2207-37EC-4B53-BDA6-94857821617C}.Release|Any CPU.Build.0 = Release|Any CPU
	EndGlobalSection
	GlobalSection(SolutionProperties) = preSolution
		HideSolutionNode = FALSE
	EndGlobalSection
EndGlobal
